
Microsoft Visual Studio Solution File, Format Version 12.00
# Visual Studio Version 17
VisualStudioVersion = 17.2.32616.157
MinimumVisualStudioVersion = 10.0.40219.1
Project("{9A19103F-16F7-4668-BE54-9A1E7A4F7556}") = "AWSEventbridgeDotnet", "AWSEventbridgeDotnet\AWSEventbridgeDotnet.csproj", "{C25A9A77-0913-4B38-B628-27CB5852F1AD}"
EndProject
Global
	GlobalSection(SolutionConfigurationPlatforms) = preSolution
		Debug|Any CPU = Debug|Any CPU
		Release|Any CPU = Release|Any CPU
	EndGlobalSection
	GlobalSection(ProjectConfigurationPlatforms) = postSolution
		{C25A9A77-0913-4B38-B628-27CB5852F1AD}.Debug|Any CPU.ActiveCfg = Debug|Any CPU
		{C25A9A77-0913-4B38-B628-27CB5852F1AD}.Debug|Any CPU.Build.0 = Debug|Any CPU
		{C25A9A77-0913-4B38-B628-27CB5852F1AD}.Release|Any CPU.ActiveCfg = Release|Any CPU
		{C25A9A77-0913-4B38-B628-27CB5852F1AD}.Release|Any CPU.Build.0 = Release|Any CPU
	EndGlobalSection
	GlobalSection(SolutionProperties) = preSolution
		HideSolutionNode = FALSE
	EndGlobalSection
	GlobalSection(ExtensibilityGlobals) = postSolution
		SolutionGuid = {4201D6B4-5D85-4622-8454-42238394EC75}
	EndGlobalSection
EndGlobal
